// !$*UTF8*$!
{
	archiveVersion = 1;
	classes = {
	};
	objectVersion = 56;
	objects = {

/* Begin PBXBuildFile section */
		4244E1A129C004F2008E37CE /* PostersViewController.swift in Sources */ = {isa = PBXBuildFile; fileRef = 4244E1A029C004F2008E37CE /* PostersViewController.swift */; };
		4244E1A329C00527008E37CE /* Poster.swift in Sources */ = {isa = PBXBuildFile; fileRef = 4244E1A229C00527008E37CE /* Poster.swift */; };
		4244E1A529C016D1008E37CE /* PosterCell.swift in Sources */ = {isa = PBXBuildFile; fileRef = 4244E1A429C016D1008E37CE /* PosterCell.swift */; };
		4281455B29B500290020CAE4 /* AppDelegate.swift in Sources */ = {isa = PBXBuildFile; fileRef = 4281455A29B500290020CAE4 /* AppDelegate.swift */; };
		4281455D29B500290020CAE4 /* SceneDelegate.swift in Sources */ = {isa = PBXBuildFile; fileRef = 4281455C29B500290020CAE4 /* SceneDelegate.swift */; };
		4281455F29B500290020CAE4 /* MovieViewController.swift in Sources */ = {isa = PBXBuildFile; fileRef = 4281455E29B500290020CAE4 /* MovieViewController.swift */; };
		4281456229B500290020CAE4 /* Main.storyboard in Resources */ = {isa = PBXBuildFile; fileRef = 4281456029B500290020CAE4 /* Main.storyboard */; };
		4281456429B5002A0020CAE4 /* Assets.xcassets in Resources */ = {isa = PBXBuildFile; fileRef = 4281456329B5002A0020CAE4 /* Assets.xcassets */; };
		4281456729B5002A0020CAE4 /* LaunchScreen.storyboard in Resources */ = {isa = PBXBuildFile; fileRef = 4281456529B5002A0020CAE4 /* LaunchScreen.storyboard */; };
		4281456F29B5049C0020CAE4 /* MovieTrack.swift in Sources */ = {isa = PBXBuildFile; fileRef = 4281456E29B5049C0020CAE4 /* MovieTrack.swift */; };
		4281457229B5B5E00020CAE4 /* Nuke in Frameworks */ = {isa = PBXBuildFile; productRef = 4281457129B5B5E00020CAE4 /* Nuke */; };
		4281457429B5BA030020CAE4 /* MovieTrackCell.swift in Sources */ = {isa = PBXBuildFile; fileRef = 4281457329B5BA030020CAE4 /* MovieTrackCell.swift */; };
		4281457829B652BB0020CAE4 /* MovieDetailViewController.swift in Sources */ = {isa = PBXBuildFile; fileRef = 4281457729B652BB0020CAE4 /* MovieDetailViewController.swift */; };
		42D2D4CD29BFB123008EE508 /* ImageSupportSize.swift in Sources */ = {isa = PBXBuildFile; fileRef = 42D2D4CC29BFB123008EE508 /* ImageSupportSize.swift */; };
/* End PBXBuildFile section */

/* Begin PBXFileReference section */
		4244E1A029C004F2008E37CE /* PostersViewController.swift */ = {isa = PBXFileReference; lastKnownFileType = sourcecode.swift; path = PostersViewController.swift; sourceTree = "<group>"; };
		4244E1A229C00527008E37CE /* Poster.swift */ = {isa = PBXFileReference; lastKnownFileType = sourcecode.swift; path = Poster.swift; sourceTree = "<group>"; };
		4244E1A429C016D1008E37CE /* PosterCell.swift */ = {isa = PBXFileReference; lastKnownFileType = sourcecode.swift; path = PosterCell.swift; sourceTree = "<group>"; };
		4281455729B500290020CAE4 /* Flixster.app */ = {isa = PBXFileReference; explicitFileType = wrapper.application; includeInIndex = 0; path = Flixster.app; sourceTree = BUILT_PRODUCTS_DIR; };
		4281455A29B500290020CAE4 /* AppDelegate.swift */ = {isa = PBXFileReference; lastKnownFileType = sourcecode.swift; path = AppDelegate.swift; sourceTree = "<group>"; };
		4281455C29B500290020CAE4 /* SceneDelegate.swift */ = {isa = PBXFileReference; lastKnownFileType = sourcecode.swift; path = SceneDelegate.swift; sourceTree = "<group>"; };
		4281455E29B500290020CAE4 /* MovieViewController.swift */ = {isa = PBXFileReference; lastKnownFileType = sourcecode.swift; path = MovieViewController.swift; sourceTree = "<group>"; };
		4281456129B500290020CAE4 /* Base */ = {isa = PBXFileReference; lastKnownFileType = file.storyboard; name = Base; path = Base.lproj/Main.storyboard; sourceTree = "<group>"; };
		4281456329B5002A0020CAE4 /* Assets.xcassets */ = {isa = PBXFileReference; lastKnownFileType = folder.assetcatalog; path = Assets.xcassets; sourceTree = "<group>"; };
		4281456629B5002A0020CAE4 /* Base */ = {isa = PBXFileReference; lastKnownFileType = file.storyboard; name = Base; path = Base.lproj/LaunchScreen.storyboard; sourceTree = "<group>"; };
		4281456829B5002A0020CAE4 /* Info.plist */ = {isa = PBXFileReference; lastKnownFileType = text.plist.xml; path = Info.plist; sourceTree = "<group>"; };
		4281456E29B5049C0020CAE4 /* MovieTrack.swift */ = {isa = PBXFileReference; lastKnownFileType = sourcecode.swift; path = MovieTrack.swift; sourceTree = "<group>"; };
		4281457329B5BA030020CAE4 /* MovieTrackCell.swift */ = {isa = PBXFileReference; lastKnownFileType = sourcecode.swift; path = MovieTrackCell.swift; sourceTree = "<group>"; };
		4281457729B652BB0020CAE4 /* MovieDetailViewController.swift */ = {isa = PBXFileReference; lastKnownFileType = sourcecode.swift; path = MovieDetailViewController.swift; sourceTree = "<group>"; };
		42D2D4CC29BFB123008EE508 /* ImageSupportSize.swift */ = {isa = PBXFileReference; lastKnownFileType = sourcecode.swift; path = ImageSupportSize.swift; sourceTree = "<group>"; };
/* End PBXFileReference section */

/* Begin PBXFrameworksBuildPhase section */
		4281455429B500290020CAE4 /* Frameworks */ = {
			isa = PBXFrameworksBuildPhase;
			buildActionMask = 2147483647;
			files = (
				4281457229B5B5E00020CAE4 /* Nuke in Frameworks */,
			);
			runOnlyForDeploymentPostprocessing = 0;
		};
/* End PBXFrameworksBuildPhase section */

/* Begin PBXGroup section */
		4281454E29B500290020CAE4 = {
			isa = PBXGroup;
			children = (
				4281455929B500290020CAE4 /* Flixster */,
				4281455829B500290020CAE4 /* Products */,
			);
			sourceTree = "<group>";
		};
		4281455829B500290020CAE4 /* Products */ = {
			isa = PBXGroup;
			children = (
				4281455729B500290020CAE4 /* Flixster.app */,
			);
			name = Products;
			sourceTree = "<group>";
		};
		4281455929B500290020CAE4 /* Flixster */ = {
			isa = PBXGroup;
			children = (
				42D2D4CB29BF9CE8008EE508 /* Models */,
				4281455A29B500290020CAE4 /* AppDelegate.swift */,
				4281455C29B500290020CAE4 /* SceneDelegate.swift */,
				4281455E29B500290020CAE4 /* MovieViewController.swift */,
				4281457729B652BB0020CAE4 /* MovieDetailViewController.swift */,
				4244E1A029C004F2008E37CE /* PostersViewController.swift */,
				4281457329B5BA030020CAE4 /* MovieTrackCell.swift */,
				4244E1A429C016D1008E37CE /* PosterCell.swift */,
				4281456029B500290020CAE4 /* Main.storyboard */,
				4281456329B5002A0020CAE4 /* Assets.xcassets */,
				4281456529B5002A0020CAE4 /* LaunchScreen.storyboard */,
				4281456829B5002A0020CAE4 /* Info.plist */,
			);
			path = Flixster;
			sourceTree = "<group>";
		};
		42D2D4CB29BF9CE8008EE508 /* Models */ = {
			isa = PBXGroup;
			children = (
				4281456E29B5049C0020CAE4 /* MovieTrack.swift */,
				4244E1A229C00527008E37CE /* Poster.swift */,
				42D2D4CC29BFB123008EE508 /* ImageSupportSize.swift */,
			);
			path = Models;
			sourceTree = "<group>";
		};
/* End PBXGroup section */

/* Begin PBXNativeTarget section */
		4281455629B500290020CAE4 /* Flixster */ = {
			isa = PBXNativeTarget;
			buildConfigurationList = 4281456B29B5002A0020CAE4 /* Build configuration list for PBXNativeTarget "Flixster" */;
			buildPhases = (
				4281455329B500290020CAE4 /* Sources */,
				4281455429B500290020CAE4 /* Frameworks */,
				4281455529B500290020CAE4 /* Resources */,
			);
			buildRules = (
			);
			dependencies = (
			);
			name = Flixster;
			packageProductDependencies = (
				4281457129B5B5E00020CAE4 /* Nuke */,
			);
			productName = Flixster;
			productReference = 4281455729B500290020CAE4 /* Flixster.app */;
			productType = "com.apple.product-type.application";
		};
/* End PBXNativeTarget section */

/* Begin PBXProject section */
		4281454F29B500290020CAE4 /* Project object */ = {
			isa = PBXProject;
			attributes = {
				BuildIndependentTargetsInParallel = 1;
				LastSwiftUpdateCheck = 1420;
				LastUpgradeCheck = 1420;
				TargetAttributes = {
					4281455629B500290020CAE4 = {
						CreatedOnToolsVersion = 14.2;
					};
				};
			};
			buildConfigurationList = 4281455229B500290020CAE4 /* Build configuration list for PBXProject "Flixster" */;
			compatibilityVersion = "Xcode 14.0";
			developmentRegion = en;
			hasScannedForEncodings = 0;
			knownRegions = (
				en,
				Base,
			);
			mainGroup = 4281454E29B500290020CAE4;
			packageReferences = (
				4281457029B5B5E00020CAE4 /* XCRemoteSwiftPackageReference "Nuke" */,
			);
			productRefGroup = 4281455829B500290020CAE4 /* Products */;
			projectDirPath = "";
			projectRoot = "";
			targets = (
				4281455629B500290020CAE4 /* Flixster */,
			);
		};
/* End PBXProject section */

/* Begin PBXResourcesBuildPhase section */
		4281455529B500290020CAE4 /* Resources */ = {
			isa = PBXResourcesBuildPhase;
			buildActionMask = 2147483647;
			files = (
				4281456729B5002A0020CAE4 /* LaunchScreen.storyboard in Resources */,
				4281456429B5002A0020CAE4 /* Assets.xcassets in Resources */,
				4281456229B500290020CAE4 /* Main.storyboard in Resources */,
			);
			runOnlyForDeploymentPostprocessing = 0;
		};
/* End PBXResourcesBuildPhase section */

/* Begin PBXSourcesBuildPhase section */
		4281455329B500290020CAE4 /* Sources */ = {
			isa = PBXSourcesBuildPhase;
			buildActionMask = 2147483647;
			files = (
				4244E1A129C004F2008E37CE /* PostersViewController.swift in Sources */,
				4281455F29B500290020CAE4 /* MovieViewController.swift in Sources */,
				4281455B29B500290020CAE4 /* AppDelegate.swift in Sources */,
				4281457429B5BA030020CAE4 /* MovieTrackCell.swift in Sources */,
				42D2D4CD29BFB123008EE508 /* ImageSupportSize.swift in Sources */,
				4244E1A329C00527008E37CE /* Poster.swift in Sources */,
				4244E1A529C016D1008E37CE /* PosterCell.swift in Sources */,
				4281455D29B500290020CAE4 /* SceneDelegate.swift in Sources */,
				4281457829B652BB0020CAE4 /* MovieDetailViewController.swift in Sources */,
				4281456F29B5049C0020CAE4 /* MovieTrack.swift in Sources */,
			);
			runOnlyForDeploymentPostprocessing = 0;
		};
/* End PBXSourcesBuildPhase section */

/* Begin PBXVariantGroup section */
		4281456029B500290020CAE4 /* Main.storyboard */ = {
			isa = PBXVariantGroup;
			children = (
				4281456129B500290020CAE4 /* Base */,
			);
			name = Main.storyboard;
			sourceTree = "<group>";
		};
		4281456529B5002A0020CAE4 /* LaunchScreen.storyboard */ = {
			isa = PBXVariantGroup;
			children = (
				4281456629B5002A0020CAE4 /* Base */,
			);
			name = LaunchScreen.storyboard;
			sourceTree = "<group>";
		};
/* End PBXVariantGroup section */

/* Begin XCBuildConfiguration section */
		4281456929B5002A0020CAE4 /* Debug */ = {
			isa = XCBuildConfiguration;
			buildSettings = {
				ALWAYS_SEARCH_USER_PATHS = NO;
				CLANG_ANALYZER_NONNULL = YES;
				CLANG_ANALYZER_NUMBER_OBJECT_CONVERSION = YES_AGGRESSIVE;
				CLANG_CXX_LANGUAGE_STANDARD = "gnu++20";
				CLANG_ENABLE_MODULES = YES;
				CLANG_ENABLE_OBJC_ARC = YES;
				CLANG_ENABLE_OBJC_WEAK = YES;
				CLANG_WARN_BLOCK_CAPTURE_AUTORELEASING = YES;
				CLANG_WARN_BOOL_CONVERSION = YES;
				CLANG_WARN_COMMA = YES;
				CLANG_WARN_CONSTANT_CONVERSION = YES;
				CLANG_WARN_DEPRECATED_OBJC_IMPLEMENTATIONS = YES;
				CLANG_WARN_DIRECT_OBJC_ISA_USAGE = YES_ERROR;
				CLANG_WARN_DOCUMENTATION_COMMENTS = YES;
				CLANG_WARN_EMPTY_BODY = YES;
				CLANG_WARN_ENUM_CONVERSION = YES;
				CLANG_WARN_INFINITE_RECURSION = YES;
				CLANG_WARN_INT_CONVERSION = YES;
				CLANG_WARN_NON_LITERAL_NULL_CONVERSION = YES;
				CLANG_WARN_OBJC_IMPLICIT_RETAIN_SELF = YES;
				CLANG_WARN_OBJC_LITERAL_CONVERSION = YES;
				CLANG_WARN_OBJC_ROOT_CLASS = YES_ERROR;
				CLANG_WARN_QUOTED_INCLUDE_IN_FRAMEWORK_HEADER = YES;
				CLANG_WARN_RANGE_LOOP_ANALYSIS = YES;
				CLANG_WARN_STRICT_PROTOTYPES = YES;
				CLANG_WARN_SUSPICIOUS_MOVE = YES;
				CLANG_WARN_UNGUARDED_AVAILABILITY = YES_AGGRESSIVE;
				CLANG_WARN_UNREACHABLE_CODE = YES;
				CLANG_WARN__DUPLICATE_METHOD_MATCH = YES;
				COPY_PHASE_STRIP = NO;
				DEBUG_INFORMATION_FORMAT = dwarf;
				ENABLE_STRICT_OBJC_MSGSEND = YES;
				ENABLE_TESTABILITY = YES;
				GCC_C_LANGUAGE_STANDARD = gnu11;
				GCC_DYNAMIC_NO_PIC = NO;
				GCC_NO_COMMON_BLOCKS = YES;
				GCC_OPTIMIZATION_LEVEL = 0;
				GCC_PREPROCESSOR_DEFINITIONS = (
					"DEBUG=1",
					"$(inherited)",
				);
				GCC_WARN_64_TO_32_BIT_CONVERSION = YES;
				GCC_WARN_ABOUT_RETURN_TYPE = YES_ERROR;
				GCC_WARN_UNDECLARED_SELECTOR = YES;
				GCC_WARN_UNINITIALIZED_AUTOS = YES_AGGRESSIVE;
				GCC_WARN_UNUSED_FUNCTION = YES;
				GCC_WARN_UNUSED_VARIABLE = YES;
				IPHONEOS_DEPLOYMENT_TARGET = 16.2;
				MTL_ENABLE_DEBUG_INFO = INCLUDE_SOURCE;
				MTL_FAST_MATH = YES;
				ONLY_ACTIVE_ARCH = YES;
				SDKROOT = iphoneos;
				SWIFT_ACTIVE_COMPILATION_CONDITIONS = DEBUG;
				SWIFT_OPTIMIZATION_LEVEL = "-Onone";
			};
			name = Debug;
		};
		4281456A29B5002A0020CAE4 /* Release */ = {
			isa = XCBuildConfiguration;
			buildSettings = {
				ALWAYS_SEARCH_USER_PATHS = NO;
				CLANG_ANALYZER_NONNULL = YES;
				CLANG_ANALYZER_NUMBER_OBJECT_CONVERSION = YES_AGGRESSIVE;
				CLANG_CXX_LANGUAGE_STANDARD = "gnu++20";
				CLANG_ENABLE_MODULES = YES;
				CLANG_ENABLE_OBJC_ARC = YES;
				CLANG_ENABLE_OBJC_WEAK = YES;
				CLANG_WARN_BLOCK_CAPTURE_AUTORELEASING = YES;
				CLANG_WARN_BOOL_CONVERSION = YES;
				CLANG_WARN_COMMA = YES;
				CLANG_WARN_CONSTANT_CONVERSION = YES;
				CLANG_WARN_DEPRECATED_OBJC_IMPLEMENTATIONS = YES;
				CLANG_WARN_DIRECT_OBJC_ISA_USAGE = YES_ERROR;
				CLANG_WARN_DOCUMENTATION_COMMENTS = YES;
				CLANG_WARN_EMPTY_BODY = YES;
				CLANG_WARN_ENUM_CONVERSION = YES;
				CLANG_WARN_INFINITE_RECURSION = YES;
				CLANG_WARN_INT_CONVERSION = YES;
				CLANG_WARN_NON_LITERAL_NULL_CONVERSION = YES;
				CLANG_WARN_OBJC_IMPLICIT_RETAIN_SELF = YES;
				CLANG_WARN_OBJC_LITERAL_CONVERSION = YES;
				CLANG_WARN_OBJC_ROOT_CLASS = YES_ERROR;
				CLANG_WARN_QUOTED_INCLUDE_IN_FRAMEWORK_HEADER = YES;
				CLANG_WARN_RANGE_LOOP_ANALYSIS = YES;
				CLANG_WARN_STRICT_PROTOTYPES = YES;
				CLANG_WARN_SUSPICIOUS_MOVE = YES;
				CLANG_WARN_UNGUARDED_AVAILABILITY = YES_AGGRESSIVE;
				CLANG_WARN_UNREACHABLE_CODE = YES;
				CLANG_WARN__DUPLICATE_METHOD_MATCH = YES;
				COPY_PHASE_STRIP = NO;
				DEBUG_INFORMATION_FORMAT = "dwarf-with-dsym";
				ENABLE_NS_ASSERTIONS = NO;
				ENABLE_STRICT_OBJC_MSGSEND = YES;
				GCC_C_LANGUAGE_STANDARD = gnu11;
				GCC_NO_COMMON_BLOCKS = YES;
				GCC_WARN_64_TO_32_BIT_CONVERSION = YES;
				GCC_WARN_ABOUT_RETURN_TYPE = YES_ERROR;
				GCC_WARN_UNDECLARED_SELECTOR = YES;
				GCC_WARN_UNINITIALIZED_AUTOS = YES_AGGRESSIVE;
				GCC_WARN_UNUSED_FUNCTION = YES;
				GCC_WARN_UNUSED_VARIABLE = YES;
				IPHONEOS_DEPLOYMENT_TARGET = 16.2;
				MTL_ENABLE_DEBUG_INFO = NO;
				MTL_FAST_MATH = YES;
				SDKROOT = iphoneos;
				SWIFT_COMPILATION_MODE = wholemodule;
				SWIFT_OPTIMIZATION_LEVEL = "-O";
				VALIDATE_PRODUCT = YES;
			};
			name = Release;
		};
		4281456C29B5002A0020CAE4 /* Debug */ = {
			isa = XCBuildConfiguration;
			buildSettings = {
				ASSETCATALOG_COMPILER_APPICON_NAME = AppIcon;
				ASSETCATALOG_COMPILER_GLOBAL_ACCENT_COLOR_NAME = AccentColor;
				CODE_SIGN_STYLE = Automatic;
				CURRENT_PROJECT_VERSION = 1;
				DEVELOPMENT_TEAM = N2Q5A93CXS;
				GENERATE_INFOPLIST_FILE = YES;
				INFOPLIST_FILE = Flixster/Info.plist;
				INFOPLIST_KEY_UIApplicationSupportsIndirectInputEvents = YES;
				INFOPLIST_KEY_UILaunchStoryboardName = LaunchScreen;
				INFOPLIST_KEY_UIMainStoryboardFile = Main;
				INFOPLIST_KEY_UISupportedInterfaceOrientations_iPad = "UIInterfaceOrientationPortrait UIInterfaceOrientationPortraitUpsideDown UIInterfaceOrientationLandscapeLeft UIInterfaceOrientationLandscapeRight";
				INFOPLIST_KEY_UISupportedInterfaceOrientations_iPhone = "UIInterfaceOrientationPortrait UIInterfaceOrientationLandscapeLeft UIInterfaceOrientationLandscapeRight";
				LD_RUNPATH_SEARCH_PATHS = (
					"$(inherited)",
					"@executable_path/Frameworks",
				);
				MARKETING_VERSION = 1.0;
				PRODUCT_BUNDLE_IDENTIFIER = ChengtaoLin.Flixster;
				PRODUCT_NAME = "$(TARGET_NAME)";
				SWIFT_EMIT_LOC_STRINGS = YES;
				SWIFT_VERSION = 5.0;
				TARGETED_DEVICE_FAMILY = "1,2";
			};
			name = Debug;
		};
		4281456D29B5002A0020CAE4 /* Release */ = {
			isa = XCBuildConfiguration;
			buildSettings = {
				ASSETCATALOG_COMPILER_APPICON_NAME = AppIcon;
				ASSETCATALOG_COMPILER_GLOBAL_ACCENT_COLOR_NAME = AccentColor;
				CODE_SIGN_STYLE = Automatic;
				CURRENT_PROJECT_VERSION = 1;
				DEVELOPMENT_TEAM = N2Q5A93CXS;
				GENERATE_INFOPLIST_FILE = YES;
				INFOPLIST_FILE = Flixster/Info.plist;
				INFOPLIST_KEY_UIApplicationSupportsIndirectInputEvents = YES;
				INFOPLIST_KEY_UILaunchStoryboardName = LaunchScreen;
				INFOPLIST_KEY_UIMainStoryboardFile = Main;
				INFOPLIST_KEY_UISupportedInterfaceOrientations_iPad = "UIInterfaceOrientationPortrait UIInterfaceOrientationPortraitUpsideDown UIInterfaceOrientationLandscapeLeft UIInterfaceOrientationLandscapeRight";
				INFOPLIST_KEY_UISupportedInterfaceOrientations_iPhone = "UIInterfaceOrientationPortrait UIInterfaceOrientationLandscapeLeft UIInterfaceOrientationLandscapeRight";
				LD_RUNPATH_SEARCH_PATHS = (
					"$(inherited)",
					"@executable_path/Frameworks",
				);
				MARKETING_VERSION = 1.0;
				PRODUCT_BUNDLE_IDENTIFIER = ChengtaoLin.Flixster;
				PRODUCT_NAME = "$(TARGET_NAME)";
				SWIFT_EMIT_LOC_STRINGS = YES;
				SWIFT_VERSION = 5.0;
				TARGETED_DEVICE_FAMILY = "1,2";
			};
			name = Release;
		};
/* End XCBuildConfiguration section */

/* Begin XCConfigurationList section */
		4281455229B500290020CAE4 /* Build configuration list for PBXProject "Flixster" */ = {
			isa = XCConfigurationList;
			buildConfigurations = (
				4281456929B5002A0020CAE4 /* Debug */,
				4281456A29B5002A0020CAE4 /* Release */,
			);
			defaultConfigurationIsVisible = 0;
			defaultConfigurationName = Release;
		};
		4281456B29B5002A0020CAE4 /* Build configuration list for PBXNativeTarget "Flixster" */ = {
			isa = XCConfigurationList;
			buildConfigurations = (
				4281456C29B5002A0020CAE4 /* Debug */,
				4281456D29B5002A0020CAE4 /* Release */,
			);
			defaultConfigurationIsVisible = 0;
			defaultConfigurationName = Release;
		};
/* End XCConfigurationList section */

/* Begin XCRemoteSwiftPackageReference section */
		4281457029B5B5E00020CAE4 /* XCRemoteSwiftPackageReference "Nuke" */ = {
			isa = XCRemoteSwiftPackageReference;
			repositoryURL = "https://github.com/kean/Nuke.git";
			requirement = {
				kind = upToNextMajorVersion;
				minimumVersion = 9.0.0;
			};
		};
/* End XCRemoteSwiftPackageReference section */

/* Begin XCSwiftPackageProductDependency section */
		4281457129B5B5E00020CAE4 /* Nuke */ = {
			isa = XCSwiftPackageProductDependency;
			package = 4281457029B5B5E00020CAE4 /* XCRemoteSwiftPackageReference "Nuke" */;
			productName = Nuke;
		};
/* End XCSwiftPackageProductDependency section */
	};
	rootObject = 4281454F29B500290020CAE4 /* Project object */;
}
